
Microsoft Visual Studio Solution File, Format Version 12.00
# Visual Studio 15
VisualStudioVersion = 15.0.28307.1622
MinimumVisualStudioVersion = 10.0.40219.1
Project("{9A19103F-16F7-4668-BE54-9A1E7A4F7556}") = "Library", "Library\Library.csproj", "{0E976E4F-540A-4B0F-B74D-98F35A338782}"
EndProject
Project("{9A19103F-16F7-4668-BE54-9A1E7A4F7556}") = "LibraryDatas", "LibraryDatas\LibraryDatas.csproj", "{3D2CA297-4F55-4222-B51E-682593B8BA58}"
EndProject
Project("{9A19103F-16F7-4668-BE54-9A1E7A4F7556}") = "LibraryServices", "LibraryServices\LibraryServices.csproj", "{FF22A251-85AC-43A5-BEF5-E1C9081A7E7C}"
EndProject
Global
	GlobalSection(SolutionConfigurationPlatforms) = preSolution
		Debug|Any CPU = Debug|Any CPU
		Release|Any CPU = Release|Any CPU
	EndGlobalSection
	GlobalSection(ProjectConfigurationPlatforms) = postSolution
		{0E976E4F-540A-4B0F-B74D-98F35A338782}.Debug|Any CPU.ActiveCfg = Debug|Any CPU
		{0E976E4F-540A-4B0F-B74D-98F35A338782}.Debug|Any CPU.Build.0 = Debug|Any CPU
		{0E976E4F-540A-4B0F-B74D-98F35A338782}.Release|Any CPU.ActiveCfg = Release|Any CPU
		{0E976E4F-540A-4B0F-B74D-98F35A338782}.Release|Any CPU.Build.0 = Release|Any CPU
		{3D2CA297-4F55-4222-B51E-682593B8BA58}.Debug|Any CPU.ActiveCfg = Debug|Any CPU
		{3D2CA297-4F55-4222-B51E-682593B8BA58}.Debug|Any CPU.Build.0 = Debug|Any CPU
		{3D2CA297-4F55-4222-B51E-682593B8BA58}.Release|Any CPU.ActiveCfg = Release|Any CPU
		{3D2CA297-4F55-4222-B51E-682593B8BA58}.Release|Any CPU.Build.0 = Release|Any CPU
		{FF22A251-85AC-43A5-BEF5-E1C9081A7E7C}.Debug|Any CPU.ActiveCfg = Debug|Any CPU
		{FF22A251-85AC-43A5-BEF5-E1C9081A7E7C}.Debug|Any CPU.Build.0 = Debug|Any CPU
		{FF22A251-85AC-43A5-BEF5-E1C9081A7E7C}.Release|Any CPU.ActiveCfg = Release|Any CPU
		{FF22A251-85AC-43A5-BEF5-E1C9081A7E7C}.Release|Any CPU.Build.0 = Release|Any CPU
	EndGlobalSection
	GlobalSection(SolutionProperties) = preSolution
		HideSolutionNode = FALSE
	EndGlobalSection
	GlobalSection(ExtensibilityGlobals) = postSolution
		SolutionGuid = {BEAA041F-648D-434D-BE52-A73FC9F4C879}
	EndGlobalSection
EndGlobal
